// !$*UTF8*$!
{
	archiveVersion = 1;
	classes = {
	};
	objectVersion = 51;
	objects = {

/* Begin PBXBuildFile section */
		36F5A4F821192164024C1F74 /* Pods_ParstagramUITests.framework in Frameworks */ = {isa = PBXBuildFile; fileRef = 9BBF9FFA6660335A6755E4B8 /* Pods_ParstagramUITests.framework */; };
		6204EFC3A0488E9A8364ADD2 /* Pods_ParstagramTests.framework in Frameworks */ = {isa = PBXBuildFile; fileRef = 8804F296520AEE5C55399771 /* Pods_ParstagramTests.framework */; };
		7A0753947193B6EDD42C2FF0 /* Pods_Parstagram.framework in Frameworks */ = {isa = PBXBuildFile; fileRef = B7F9FBE8B07A39E87149FB1E /* Pods_Parstagram.framework */; };
		F21F357726053BFA00199AF2 /* AppDelegate.swift in Sources */ = {isa = PBXBuildFile; fileRef = F21F357626053BFA00199AF2 /* AppDelegate.swift */; };
		F21F357926053BFA00199AF2 /* SceneDelegate.swift in Sources */ = {isa = PBXBuildFile; fileRef = F21F357826053BFA00199AF2 /* SceneDelegate.swift */; };
		F21F357E26053BFB00199AF2 /* Main.storyboard in Resources */ = {isa = PBXBuildFile; fileRef = F21F357C26053BFB00199AF2 /* Main.storyboard */; };
		F21F358026053C0800199AF2 /* Assets.xcassets in Resources */ = {isa = PBXBuildFile; fileRef = F21F357F26053C0800199AF2 /* Assets.xcassets */; };
		F21F358326053C0800199AF2 /* LaunchScreen.storyboard in Resources */ = {isa = PBXBuildFile; fileRef = F21F358126053C0800199AF2 /* LaunchScreen.storyboard */; };
		F21F358E26053C0900199AF2 /* ParstagramTests.swift in Sources */ = {isa = PBXBuildFile; fileRef = F21F358D26053C0900199AF2 /* ParstagramTests.swift */; };
		F21F359926053C0A00199AF2 /* ParstagramUITests.swift in Sources */ = {isa = PBXBuildFile; fileRef = F21F359826053C0A00199AF2 /* ParstagramUITests.swift */; };
		F21F35BC260558C600199AF2 /* LoginViewController.swift in Sources */ = {isa = PBXBuildFile; fileRef = F21F35BB260558C600199AF2 /* LoginViewController.swift */; };
		F21F35C1260558E200199AF2 /* FeedViewController.swift in Sources */ = {isa = PBXBuildFile; fileRef = F21F35C0260558E200199AF2 /* FeedViewController.swift */; };
		F21F35C62605698A00199AF2 /* CameraViewController.swift in Sources */ = {isa = PBXBuildFile; fileRef = F21F35C52605698A00199AF2 /* CameraViewController.swift */; };
		F21F35D626057F3000199AF2 /* PostCell.swift in Sources */ = {isa = PBXBuildFile; fileRef = F21F35D526057F3000199AF2 /* PostCell.swift */; };
/* End PBXBuildFile section */

/* Begin PBXContainerItemProxy section */
		F21F358A26053C0900199AF2 /* PBXContainerItemProxy */ = {
			isa = PBXContainerItemProxy;
			containerPortal = F21F356B26053BFA00199AF2 /* Project object */;
			proxyType = 1;
			remoteGlobalIDString = F21F357226053BFA00199AF2;
			remoteInfo = Parstagram;
		};
		F21F359526053C0A00199AF2 /* PBXContainerItemProxy */ = {
			isa = PBXContainerItemProxy;
			containerPortal = F21F356B26053BFA00199AF2 /* Project object */;
			proxyType = 1;
			remoteGlobalIDString = F21F357226053BFA00199AF2;
			remoteInfo = Parstagram;
		};
/* End PBXContainerItemProxy section */

/* Begin PBXFileReference section */
		272D67AD709068493DD85AD9 /* Pods-Parstagram.release.xcconfig */ = {isa = PBXFileReference; includeInIndex = 1; lastKnownFileType = text.xcconfig; name = "Pods-Parstagram.release.xcconfig"; path = "Target Support Files/Pods-Parstagram/Pods-Parstagram.release.xcconfig"; sourceTree = "<group>"; };
		8804F296520AEE5C55399771 /* Pods_ParstagramTests.framework */ = {isa = PBXFileReference; explicitFileType = wrapper.framework; includeInIndex = 0; path = Pods_ParstagramTests.framework; sourceTree = BUILT_PRODUCTS_DIR; };
		9BBF9FFA6660335A6755E4B8 /* Pods_ParstagramUITests.framework */ = {isa = PBXFileReference; explicitFileType = wrapper.framework; includeInIndex = 0; path = Pods_ParstagramUITests.framework; sourceTree = BUILT_PRODUCTS_DIR; };
		A2E44BD09169370DD48AE3B9 /* Pods-Parstagram.debug.xcconfig */ = {isa = PBXFileReference; includeInIndex = 1; lastKnownFileType = text.xcconfig; name = "Pods-Parstagram.debug.xcconfig"; path = "Target Support Files/Pods-Parstagram/Pods-Parstagram.debug.xcconfig"; sourceTree = "<group>"; };
		B25DA9EA8540942572015F58 /* Pods-ParstagramTests.debug.xcconfig */ = {isa = PBXFileReference; includeInIndex = 1; lastKnownFileType = text.xcconfig; name = "Pods-ParstagramTests.debug.xcconfig"; path = "Target Support Files/Pods-ParstagramTests/Pods-ParstagramTests.debug.xcconfig"; sourceTree = "<group>"; };
		B7F9FBE8B07A39E87149FB1E /* Pods_Parstagram.framework */ = {isa = PBXFileReference; explicitFileType = wrapper.framework; includeInIndex = 0; path = Pods_Parstagram.framework; sourceTree = BUILT_PRODUCTS_DIR; };
		B8BDD4F8489D35130F1DA0C7 /* Pods-ParstagramTests.release.xcconfig */ = {isa = PBXFileReference; includeInIndex = 1; lastKnownFileType = text.xcconfig; name = "Pods-ParstagramTests.release.xcconfig"; path = "Target Support Files/Pods-ParstagramTests/Pods-ParstagramTests.release.xcconfig"; sourceTree = "<group>"; };
		BDF5727F7465C490DF124D1C /* Pods-ParstagramUITests.release.xcconfig */ = {isa = PBXFileReference; includeInIndex = 1; lastKnownFileType = text.xcconfig; name = "Pods-ParstagramUITests.release.xcconfig"; path = "Target Support Files/Pods-ParstagramUITests/Pods-ParstagramUITests.release.xcconfig"; sourceTree = "<group>"; };
		C1640148255B8726923AC05F /* Pods-ParstagramUITests.debug.xcconfig */ = {isa = PBXFileReference; includeInIndex = 1; lastKnownFileType = text.xcconfig; name = "Pods-ParstagramUITests.debug.xcconfig"; path = "Target Support Files/Pods-ParstagramUITests/Pods-ParstagramUITests.debug.xcconfig"; sourceTree = "<group>"; };
		F21F357326053BFA00199AF2 /* Parstagram.app */ = {isa = PBXFileReference; explicitFileType = wrapper.application; includeInIndex = 0; path = Parstagram.app; sourceTree = BUILT_PRODUCTS_DIR; };
		F21F357626053BFA00199AF2 /* AppDelegate.swift */ = {isa = PBXFileReference; lastKnownFileType = sourcecode.swift; path = AppDelegate.swift; sourceTree = "<group>"; };
		F21F357826053BFA00199AF2 /* SceneDelegate.swift */ = {isa = PBXFileReference; lastKnownFileType = sourcecode.swift; path = SceneDelegate.swift; sourceTree = "<group>"; };
		F21F357D26053BFB00199AF2 /* Base */ = {isa = PBXFileReference; lastKnownFileType = file.storyboard; name = Base; path = Base.lproj/Main.storyboard; sourceTree = "<group>"; };
		F21F357F26053C0800199AF2 /* Assets.xcassets */ = {isa = PBXFileReference; lastKnownFileType = folder.assetcatalog; path = Assets.xcassets; sourceTree = "<group>"; };
		F21F358226053C0800199AF2 /* Base */ = {isa = PBXFileReference; lastKnownFileType = file.storyboard; name = Base; path = Base.lproj/LaunchScreen.storyboard; sourceTree = "<group>"; };
		F21F358426053C0800199AF2 /* Info.plist */ = {isa = PBXFileReference; lastKnownFileType = text.plist.xml; path = Info.plist; sourceTree = "<group>"; };
		F21F358926053C0900199AF2 /* ParstagramTests.xctest */ = {isa = PBXFileReference; explicitFileType = wrapper.cfbundle; includeInIndex = 0; path = ParstagramTests.xctest; sourceTree = BUILT_PRODUCTS_DIR; };
		F21F358D26053C0900199AF2 /* ParstagramTests.swift */ = {isa = PBXFileReference; lastKnownFileType = sourcecode.swift; path = ParstagramTests.swift; sourceTree = "<group>"; };
		F21F358F26053C0900199AF2 /* Info.plist */ = {isa = PBXFileReference; lastKnownFileType = text.plist.xml; path = Info.plist; sourceTree = "<group>"; };
		F21F359426053C0A00199AF2 /* ParstagramUITests.xctest */ = {isa = PBXFileReference; explicitFileType = wrapper.cfbundle; includeInIndex = 0; path = ParstagramUITests.xctest; sourceTree = BUILT_PRODUCTS_DIR; };
		F21F359826053C0A00199AF2 /* ParstagramUITests.swift */ = {isa = PBXFileReference; lastKnownFileType = sourcecode.swift; path = ParstagramUITests.swift; sourceTree = "<group>"; };
		F21F359A26053C0A00199AF2 /* Info.plist */ = {isa = PBXFileReference; lastKnownFileType = text.plist.xml; path = Info.plist; sourceTree = "<group>"; };
		F21F35BB260558C600199AF2 /* LoginViewController.swift */ = {isa = PBXFileReference; lastKnownFileType = sourcecode.swift; path = LoginViewController.swift; sourceTree = "<group>"; };
		F21F35C0260558E200199AF2 /* FeedViewController.swift */ = {isa = PBXFileReference; lastKnownFileType = sourcecode.swift; path = FeedViewController.swift; sourceTree = "<group>"; };
		F21F35C52605698A00199AF2 /* CameraViewController.swift */ = {isa = PBXFileReference; lastKnownFileType = sourcecode.swift; path = CameraViewController.swift; sourceTree = "<group>"; };
		F21F35D526057F3000199AF2 /* PostCell.swift */ = {isa = PBXFileReference; lastKnownFileType = sourcecode.swift; path = PostCell.swift; sourceTree = "<group>"; };
/* End PBXFileReference section */

/* Begin PBXFrameworksBuildPhase section */
		F21F357026053BFA00199AF2 /* Frameworks */ = {
			isa = PBXFrameworksBuildPhase;
			buildActionMask = 2147483647;
			files = (
				7A0753947193B6EDD42C2FF0 /* Pods_Parstagram.framework in Frameworks */,
			);
			runOnlyForDeploymentPostprocessing = 0;
		};
		F21F358626053C0900199AF2 /* Frameworks */ = {
			isa = PBXFrameworksBuildPhase;
			buildActionMask = 2147483647;
			files = (
				6204EFC3A0488E9A8364ADD2 /* Pods_ParstagramTests.framework in Frameworks */,
			);
			runOnlyForDeploymentPostprocessing = 0;
		};
		F21F359126053C0A00199AF2 /* Frameworks */ = {
			isa = PBXFrameworksBuildPhase;
			buildActionMask = 2147483647;
			files = (
				36F5A4F821192164024C1F74 /* Pods_ParstagramUITests.framework in Frameworks */,
			);
			runOnlyForDeploymentPostprocessing = 0;
		};
/* End PBXFrameworksBuildPhase section */

/* Begin PBXGroup section */
		3D76B5097F0EC1A99566B771 /* Pods */ = {
			isa = PBXGroup;
			children = (
				A2E44BD09169370DD48AE3B9 /* Pods-Parstagram.debug.xcconfig */,
				272D67AD709068493DD85AD9 /* Pods-Parstagram.release.xcconfig */,
				B25DA9EA8540942572015F58 /* Pods-ParstagramTests.debug.xcconfig */,
				B8BDD4F8489D35130F1DA0C7 /* Pods-ParstagramTests.release.xcconfig */,
				C1640148255B8726923AC05F /* Pods-ParstagramUITests.debug.xcconfig */,
				BDF5727F7465C490DF124D1C /* Pods-ParstagramUITests.release.xcconfig */,
			);
			path = Pods;
			sourceTree = "<group>";
		};
		65EFEAF44BF66B2A44169949 /* Frameworks */ = {
			isa = PBXGroup;
			children = (
				B7F9FBE8B07A39E87149FB1E /* Pods_Parstagram.framework */,
				8804F296520AEE5C55399771 /* Pods_ParstagramTests.framework */,
				9BBF9FFA6660335A6755E4B8 /* Pods_ParstagramUITests.framework */,
			);
			name = Frameworks;
			sourceTree = "<group>";
		};
		F21F356A26053BFA00199AF2 = {
			isa = PBXGroup;
			children = (
				F21F357526053BFA00199AF2 /* Parstagram */,
				F21F358C26053C0900199AF2 /* ParstagramTests */,
				F21F359726053C0A00199AF2 /* ParstagramUITests */,
				F21F357426053BFA00199AF2 /* Products */,
				3D76B5097F0EC1A99566B771 /* Pods */,
				65EFEAF44BF66B2A44169949 /* Frameworks */,
			);
			sourceTree = "<group>";
		};
		F21F357426053BFA00199AF2 /* Products */ = {
			isa = PBXGroup;
			children = (
				F21F357326053BFA00199AF2 /* Parstagram.app */,
				F21F358926053C0900199AF2 /* ParstagramTests.xctest */,
				F21F359426053C0A00199AF2 /* ParstagramUITests.xctest */,
			);
			name = Products;
			sourceTree = "<group>";
		};
		F21F357526053BFA00199AF2 /* Parstagram */ = {
			isa = PBXGroup;
			children = (
				F21F357626053BFA00199AF2 /* AppDelegate.swift */,
				F21F357826053BFA00199AF2 /* SceneDelegate.swift */,
				F21F357C26053BFB00199AF2 /* Main.storyboard */,
				F21F357F26053C0800199AF2 /* Assets.xcassets */,
				F21F358126053C0800199AF2 /* LaunchScreen.storyboard */,
				F21F358426053C0800199AF2 /* Info.plist */,
				F21F35BB260558C600199AF2 /* LoginViewController.swift */,
				F21F35C0260558E200199AF2 /* FeedViewController.swift */,
				F21F35C52605698A00199AF2 /* CameraViewController.swift */,
				F21F35D526057F3000199AF2 /* PostCell.swift */,
			);
			path = Parstagram;
			sourceTree = "<group>";
		};
		F21F358C26053C0900199AF2 /* ParstagramTests */ = {
			isa = PBXGroup;
			children = (
				F21F358D26053C0900199AF2 /* ParstagramTests.swift */,
				F21F358F26053C0900199AF2 /* Info.plist */,
			);
			path = ParstagramTests;
			sourceTree = "<group>";
		};
		F21F359726053C0A00199AF2 /* ParstagramUITests */ = {
			isa = PBXGroup;
			children = (
				F21F359826053C0A00199AF2 /* ParstagramUITests.swift */,
				F21F359A26053C0A00199AF2 /* Info.plist */,
			);
			path = ParstagramUITests;
			sourceTree = "<group>";
		};
/* End PBXGroup section */

/* Begin PBXNativeTarget section */
		F21F357226053BFA00199AF2 /* Parstagram */ = {
			isa = PBXNativeTarget;
			buildConfigurationList = F21F359D26053C0A00199AF2 /* Build configuration list for PBXNativeTarget "Parstagram" */;
			buildPhases = (
				78609F22206ADA0BB86ED5D2 /* [CP] Check Pods Manifest.lock */,
				F21F356F26053BFA00199AF2 /* Sources */,
				F21F357026053BFA00199AF2 /* Frameworks */,
				F21F357126053BFA00199AF2 /* Resources */,
				55139E02668D448A5688767E /* [CP] Embed Pods Frameworks */,
			);
			buildRules = (
			);
			dependencies = (
			);
			name = Parstagram;
			productName = Parstagram;
			productReference = F21F357326053BFA00199AF2 /* Parstagram.app */;
			productType = "com.apple.product-type.application";
		};
		F21F358826053C0900199AF2 /* ParstagramTests */ = {
			isa = PBXNativeTarget;
			buildConfigurationList = F21F35A026053C0A00199AF2 /* Build configuration list for PBXNativeTarget "ParstagramTests" */;
			buildPhases = (
				97401BB96CB88FB48753A70D /* [CP] Check Pods Manifest.lock */,
				F21F358526053C0900199AF2 /* Sources */,
				F21F358626053C0900199AF2 /* Frameworks */,
				F21F358726053C0900199AF2 /* Resources */,
			);
			buildRules = (
			);
			dependencies = (
				F21F358B26053C0900199AF2 /* PBXTargetDependency */,
			);
			name = ParstagramTests;
			productName = ParstagramTests;
			productReference = F21F358926053C0900199AF2 /* ParstagramTests.xctest */;
			productType = "com.apple.product-type.bundle.unit-test";
		};
		F21F359326053C0A00199AF2 /* ParstagramUITests */ = {
			isa = PBXNativeTarget;
			buildConfigurationList = F21F35A326053C0A00199AF2 /* Build configuration list for PBXNativeTarget "ParstagramUITests" */;
			buildPhases = (
				1691C3F68BF0373B7E7B126C /* [CP] Check Pods Manifest.lock */,
				F21F359026053C0A00199AF2 /* Sources */,
				F21F359126053C0A00199AF2 /* Frameworks */,
				F21F359226053C0A00199AF2 /* Resources */,
			);
			buildRules = (
			);
			dependencies = (
				F21F359626053C0A00199AF2 /* PBXTargetDependency */,
			);
			name = ParstagramUITests;
			productName = ParstagramUITests;
			productReference = F21F359426053C0A00199AF2 /* ParstagramUITests.xctest */;
			productType = "com.apple.product-type.bundle.ui-testing";
		};
/* End PBXNativeTarget section */

/* Begin PBXProject section */
		F21F356B26053BFA00199AF2 /* Project object */ = {
			isa = PBXProject;
			attributes = {
				LastSwiftUpdateCheck = 1240;
				LastUpgradeCheck = 1240;
				TargetAttributes = {
					F21F357226053BFA00199AF2 = {
						CreatedOnToolsVersion = 12.4;
					};
					F21F358826053C0900199AF2 = {
						CreatedOnToolsVersion = 12.4;
						TestTargetID = F21F357226053BFA00199AF2;
					};
					F21F359326053C0A00199AF2 = {
						CreatedOnToolsVersion = 12.4;
						TestTargetID = F21F357226053BFA00199AF2;
					};
				};
			};
			buildConfigurationList = F21F356E26053BFA00199AF2 /* Build configuration list for PBXProject "Parstagram" */;
			compatibilityVersion = "Xcode 9.3";
			developmentRegion = en;
			hasScannedForEncodings = 0;
			knownRegions = (
				en,
				Base,
			);
			mainGroup = F21F356A26053BFA00199AF2;
			productRefGroup = F21F357426053BFA00199AF2 /* Products */;
			projectDirPath = "";
			projectRoot = "";
			targets = (
				F21F357226053BFA00199AF2 /* Parstagram */,
				F21F358826053C0900199AF2 /* ParstagramTests */,
				F21F359326053C0A00199AF2 /* ParstagramUITests */,
			);
		};
/* End PBXProject section */

/* Begin PBXResourcesBuildPhase section */
		F21F357126053BFA00199AF2 /* Resources */ = {
			isa = PBXResourcesBuildPhase;
			buildActionMask = 2147483647;
			files = (
				F21F358326053C0800199AF2 /* LaunchScreen.storyboard in Resources */,
				F21F358026053C0800199AF2 /* Assets.xcassets in Resources */,
				F21F357E26053BFB00199AF2 /* Main.storyboard in Resources */,
			);
			runOnlyForDeploymentPostprocessing = 0;
		};
		F21F358726053C0900199AF2 /* Resources */ = {
			isa = PBXResourcesBuildPhase;
			buildActionMask = 2147483647;
			files = (
			);
			runOnlyForDeploymentPostprocessing = 0;
		};
		F21F359226053C0A00199AF2 /* Resources */ = {
			isa = PBXResourcesBuildPhase;
			buildActionMask = 2147483647;
			files = (
			);
			runOnlyForDeploymentPostprocessing = 0;
		};
/* End PBXResourcesBuildPhase section */

/* Begin PBXShellScriptBuildPhase section */
		1691C3F68BF0373B7E7B126C /* [CP] Check Pods Manifest.lock */ = {
			isa = PBXShellScriptBuildPhase;
			buildActionMask = 2147483647;
			files = (
			);
			inputFileListPaths = (
			);
			inputPaths = (
				"${PODS_PODFILE_DIR_PATH}/Podfile.lock",
				"${PODS_ROOT}/Manifest.lock",
			);
			name = "[CP] Check Pods Manifest.lock";
			outputFileListPaths = (
			);
			outputPaths = (
				"$(DERIVED_FILE_DIR)/Pods-ParstagramUITests-checkManifestLockResult.txt",
			);
			runOnlyForDeploymentPostprocessing = 0;
			shellPath = /bin/sh;
			shellScript = "diff \"${PODS_PODFILE_DIR_PATH}/Podfile.lock\" \"${PODS_ROOT}/Manifest.lock\" > /dev/null\nif [ $? != 0 ] ; then\n    # print error to STDERR\n    echo \"error: The sandbox is not in sync with the Podfile.lock. Run 'pod install' or update your CocoaPods installation.\" >&2\n    exit 1\nfi\n# This output is used by Xcode 'outputs' to avoid re-running this script phase.\necho \"SUCCESS\" > \"${SCRIPT_OUTPUT_FILE_0}\"\n";
			showEnvVarsInLog = 0;
		};
		55139E02668D448A5688767E /* [CP] Embed Pods Frameworks */ = {
			isa = PBXShellScriptBuildPhase;
			buildActionMask = 2147483647;
			files = (
			);
			inputFileListPaths = (
				"${PODS_ROOT}/Target Support Files/Pods-Parstagram/Pods-Parstagram-frameworks-${CONFIGURATION}-input-files.xcfilelist",
			);
			name = "[CP] Embed Pods Frameworks";
			outputFileListPaths = (
				"${PODS_ROOT}/Target Support Files/Pods-Parstagram/Pods-Parstagram-frameworks-${CONFIGURATION}-output-files.xcfilelist",
			);
			runOnlyForDeploymentPostprocessing = 0;
			shellPath = /bin/sh;
			shellScript = "\"${PODS_ROOT}/Target Support Files/Pods-Parstagram/Pods-Parstagram-frameworks.sh\"\n";
			showEnvVarsInLog = 0;
		};
		78609F22206ADA0BB86ED5D2 /* [CP] Check Pods Manifest.lock */ = {
			isa = PBXShellScriptBuildPhase;
			buildActionMask = 2147483647;
			files = (
			);
			inputFileListPaths = (
			);
			inputPaths = (
				"${PODS_PODFILE_DIR_PATH}/Podfile.lock",
				"${PODS_ROOT}/Manifest.lock",
			);
			name = "[CP] Check Pods Manifest.lock";
			outputFileListPaths = (
			);
			outputPaths = (
				"$(DERIVED_FILE_DIR)/Pods-Parstagram-checkManifestLockResult.txt",
			);
			runOnlyForDeploymentPostprocessing = 0;
			shellPath = /bin/sh;
			shellScript = "diff \"${PODS_PODFILE_DIR_PATH}/Podfile.lock\" \"${PODS_ROOT}/Manifest.lock\" > /dev/null\nif [ $? != 0 ] ; then\n    # print error to STDERR\n    echo \"error: The sandbox is not in sync with the Podfile.lock. Run 'pod install' or update your CocoaPods installation.\" >&2\n    exit 1\nfi\n# This output is used by Xcode 'outputs' to avoid re-running this script phase.\necho \"SUCCESS\" > \"${SCRIPT_OUTPUT_FILE_0}\"\n";
			showEnvVarsInLog = 0;
		};
		97401BB96CB88FB48753A70D /* [CP] Check Pods Manifest.lock */ = {
			isa = PBXShellScriptBuildPhase;
			buildActionMask = 2147483647;
			files = (
			);
			inputFileListPaths = (
			);
			inputPaths = (
				"${PODS_PODFILE_DIR_PATH}/Podfile.lock",
				"${PODS_ROOT}/Manifest.lock",
			);
			name = "[CP] Check Pods Manifest.lock";
			outputFileListPaths = (
			);
			outputPaths = (
				"$(DERIVED_FILE_DIR)/Pods-ParstagramTests-checkManifestLockResult.txt",
			);
			runOnlyForDeploymentPostprocessing = 0;
			shellPath = /bin/sh;
			shellScript = "diff \"${PODS_PODFILE_DIR_PATH}/Podfile.lock\" \"${PODS_ROOT}/Manifest.lock\" > /dev/null\nif [ $? != 0 ] ; then\n    # print error to STDERR\n    echo \"error: The sandbox is not in sync with the Podfile.lock. Run 'pod install' or update your CocoaPods installation.\" >&2\n    exit 1\nfi\n# This output is used by Xcode 'outputs' to avoid re-running this script phase.\necho \"SUCCESS\" > \"${SCRIPT_OUTPUT_FILE_0}\"\n";
			showEnvVarsInLog = 0;
		};
/* End PBXShellScriptBuildPhase section */

/* Begin PBXSourcesBuildPhase section */
		F21F356F26053BFA00199AF2 /* Sources */ = {
			isa = PBXSourcesBuildPhase;
			buildActionMask = 2147483647;
			files = (
				F21F35BC260558C600199AF2 /* LoginViewController.swift in Sources */,
				F21F35C62605698A00199AF2 /* CameraViewController.swift in Sources */,
				F21F357726053BFA00199AF2 /* AppDelegate.swift in Sources */,
				F21F35C1260558E200199AF2 /* FeedViewController.swift in Sources */,
				F21F357926053BFA00199AF2 /* SceneDelegate.swift in Sources */,
				F21F35D626057F3000199AF2 /* PostCell.swift in Sources */,
			);
			runOnlyForDeploymentPostprocessing = 0;
		};
		F21F358526053C0900199AF2 /* Sources */ = {
			isa = PBXSourcesBuildPhase;
			buildActionMask = 2147483647;
			files = (
				F21F358E26053C0900199AF2 /* ParstagramTests.swift in Sources */,
			);
			runOnlyForDeploymentPostprocessing = 0;
		};
		F21F359026053C0A00199AF2 /* Sources */ = {
			isa = PBXSourcesBuildPhase;
			buildActionMask = 2147483647;
			files = (
				F21F359926053C0A00199AF2 /* ParstagramUITests.swift in Sources */,
			);
			runOnlyForDeploymentPostprocessing = 0;
		};
/* End PBXSourcesBuildPhase section */

/* Begin PBXTargetDependency section */
		F21F358B26053C0900199AF2 /* PBXTargetDependency */ = {
			isa = PBXTargetDependency;
			target = F21F357226053BFA00199AF2 /* Parstagram */;
			targetProxy = F21F358A26053C0900199AF2 /* PBXContainerItemProxy */;
		};
		F21F359626053C0A00199AF2 /* PBXTargetDependency */ = {
			isa = PBXTargetDependency;
			target = F21F357226053BFA00199AF2 /* Parstagram */;
			targetProxy = F21F359526053C0A00199AF2 /* PBXContainerItemProxy */;
		};
/* End PBXTargetDependency section */

/* Begin PBXVariantGroup section */
		F21F357C26053BFB00199AF2 /* Main.storyboard */ = {
			isa = PBXVariantGroup;
			children = (
				F21F357D26053BFB00199AF2 /* Base */,
			);
			name = Main.storyboard;
			sourceTree = "<group>";
		};
		F21F358126053C0800199AF2 /* LaunchScreen.storyboard */ = {
			isa = PBXVariantGroup;
			children = (
				F21F358226053C0800199AF2 /* Base */,
			);
			name = LaunchScreen.storyboard;
			sourceTree = "<group>";
		};
/* End PBXVariantGroup section */

/* Begin XCBuildConfiguration section */
		F21F359B26053C0A00199AF2 /* Debug */ = {
			isa = XCBuildConfiguration;
			buildSettings = {
				ALWAYS_SEARCH_USER_PATHS = NO;
				CLANG_ANALYZER_NONNULL = YES;
				CLANG_ANALYZER_NUMBER_OBJECT_CONVERSION = YES_AGGRESSIVE;
				CLANG_CXX_LANGUAGE_STANDARD = "gnu++14";
				CLANG_CXX_LIBRARY = "libc++";
				CLANG_ENABLE_MODULES = YES;
				CLANG_ENABLE_OBJC_ARC = YES;
				CLANG_ENABLE_OBJC_WEAK = YES;
				CLANG_WARN_BLOCK_CAPTURE_AUTORELEASING = YES;
				CLANG_WARN_BOOL_CONVERSION = YES;
				CLANG_WARN_COMMA = YES;
				CLANG_WARN_CONSTANT_CONVERSION = YES;
				CLANG_WARN_DEPRECATED_OBJC_IMPLEMENTATIONS = YES;
				CLANG_WARN_DIRECT_OBJC_ISA_USAGE = YES_ERROR;
				CLANG_WARN_DOCUMENTATION_COMMENTS = YES;
				CLANG_WARN_EMPTY_BODY = YES;
				CLANG_WARN_ENUM_CONVERSION = YES;
				CLANG_WARN_INFINITE_RECURSION = YES;
				CLANG_WARN_INT_CONVERSION = YES;
				CLANG_WARN_NON_LITERAL_NULL_CONVERSION = YES;
				CLANG_WARN_OBJC_IMPLICIT_RETAIN_SELF = YES;
				CLANG_WARN_OBJC_LITERAL_CONVERSION = YES;
				CLANG_WARN_OBJC_ROOT_CLASS = YES_ERROR;
				CLANG_WARN_QUOTED_INCLUDE_IN_FRAMEWORK_HEADER = YES;
				CLANG_WARN_RANGE_LOOP_ANALYSIS = YES;
				CLANG_WARN_STRICT_PROTOTYPES = YES;
				CLANG_WARN_SUSPICIOUS_MOVE = YES;
				CLANG_WARN_UNGUARDED_AVAILABILITY = YES_AGGRESSIVE;
				CLANG_WARN_UNREACHABLE_CODE = YES;
				CLANG_WARN__DUPLICATE_METHOD_MATCH = YES;
				COPY_PHASE_STRIP = NO;
				DEBUG_INFORMATION_FORMAT = dwarf;
				ENABLE_STRICT_OBJC_MSGSEND = YES;
				ENABLE_TESTABILITY = YES;
				GCC_C_LANGUAGE_STANDARD = gnu11;
				GCC_DYNAMIC_NO_PIC = NO;
				GCC_NO_COMMON_BLOCKS = YES;
				GCC_OPTIMIZATION_LEVEL = 0;
				GCC_PREPROCESSOR_DEFINITIONS = (
					"DEBUG=1",
					"$(inherited)",
				);
				GCC_WARN_64_TO_32_BIT_CONVERSION = YES;
				GCC_WARN_ABOUT_RETURN_TYPE = YES_ERROR;
				GCC_WARN_UNDECLARED_SELECTOR = YES;
				GCC_WARN_UNINITIALIZED_AUTOS = YES_AGGRESSIVE;
				GCC_WARN_UNUSED_FUNCTION = YES;
				GCC_WARN_UNUSED_VARIABLE = YES;
				IPHONEOS_DEPLOYMENT_TARGET = 14.4;
				MTL_ENABLE_DEBUG_INFO = INCLUDE_SOURCE;
				MTL_FAST_MATH = YES;
				ONLY_ACTIVE_ARCH = YES;
				SDKROOT = iphoneos;
				SWIFT_ACTIVE_COMPILATION_CONDITIONS = DEBUG;
				SWIFT_OPTIMIZATION_LEVEL = "-Onone";
			};
			name = Debug;
		};
		F21F359C26053C0A00199AF2 /* Release */ = {
			isa = XCBuildConfiguration;
			buildSettings = {
				ALWAYS_SEARCH_USER_PATHS = NO;
				CLANG_ANALYZER_NONNULL = YES;
				CLANG_ANALYZER_NUMBER_OBJECT_CONVERSION = YES_AGGRESSIVE;
				CLANG_CXX_LANGUAGE_STANDARD = "gnu++14";
				CLANG_CXX_LIBRARY = "libc++";
				CLANG_ENABLE_MODULES = YES;
				CLANG_ENABLE_OBJC_ARC = YES;
				CLANG_ENABLE_OBJC_WEAK = YES;
				CLANG_WARN_BLOCK_CAPTURE_AUTORELEASING = YES;
				CLANG_WARN_BOOL_CONVERSION = YES;
				CLANG_WARN_COMMA = YES;
				CLANG_WARN_CONSTANT_CONVERSION = YES;
				CLANG_WARN_DEPRECATED_OBJC_IMPLEMENTATIONS = YES;
				CLANG_WARN_DIRECT_OBJC_ISA_USAGE = YES_ERROR;
				CLANG_WARN_DOCUMENTATION_COMMENTS = YES;
				CLANG_WARN_EMPTY_BODY = YES;
				CLANG_WARN_ENUM_CONVERSION = YES;
				CLANG_WARN_INFINITE_RECURSION = YES;
				CLANG_WARN_INT_CONVERSION = YES;
				CLANG_WARN_NON_LITERAL_NULL_CONVERSION = YES;
				CLANG_WARN_OBJC_IMPLICIT_RETAIN_SELF = YES;
				CLANG_WARN_OBJC_LITERAL_CONVERSION = YES;
				CLANG_WARN_OBJC_ROOT_CLASS = YES_ERROR;
				CLANG_WARN_QUOTED_INCLUDE_IN_FRAMEWORK_HEADER = YES;
				CLANG_WARN_RANGE_LOOP_ANALYSIS = YES;
				CLANG_WARN_STRICT_PROTOTYPES = YES;
				CLANG_WARN_SUSPICIOUS_MOVE = YES;
				CLANG_WARN_UNGUARDED_AVAILABILITY = YES_AGGRESSIVE;
				CLANG_WARN_UNREACHABLE_CODE = YES;
				CLANG_WARN__DUPLICATE_METHOD_MATCH = YES;
				COPY_PHASE_STRIP = NO;
				DEBUG_INFORMATION_FORMAT = "dwarf-with-dsym";
				ENABLE_NS_ASSERTIONS = NO;
				ENABLE_STRICT_OBJC_MSGSEND = YES;
				GCC_C_LANGUAGE_STANDARD = gnu11;
				GCC_NO_COMMON_BLOCKS = YES;
				GCC_WARN_64_TO_32_BIT_CONVERSION = YES;
				GCC_WARN_ABOUT_RETURN_TYPE = YES_ERROR;
				GCC_WARN_UNDECLARED_SELECTOR = YES;
				GCC_WARN_UNINITIALIZED_AUTOS = YES_AGGRESSIVE;
				GCC_WARN_UNUSED_FUNCTION = YES;
				GCC_WARN_UNUSED_VARIABLE = YES;
				IPHONEOS_DEPLOYMENT_TARGET = 14.4;
				MTL_ENABLE_DEBUG_INFO = NO;
				MTL_FAST_MATH = YES;
				SDKROOT = iphoneos;
				SWIFT_COMPILATION_MODE = wholemodule;
				SWIFT_OPTIMIZATION_LEVEL = "-O";
				VALIDATE_PRODUCT = YES;
			};
			name = Release;
		};
		F21F359E26053C0A00199AF2 /* Debug */ = {
			isa = XCBuildConfiguration;
			baseConfigurationReference = A2E44BD09169370DD48AE3B9 /* Pods-Parstagram.debug.xcconfig */;
			buildSettings = {
				ASSETCATALOG_COMPILER_APPICON_NAME = AppIcon;
				ASSETCATALOG_COMPILER_GLOBAL_ACCENT_COLOR_NAME = AccentColor;
				CODE_SIGN_STYLE = Automatic;
				INFOPLIST_FILE = Parstagram/Info.plist;
				LD_RUNPATH_SEARCH_PATHS = (
					"$(inherited)",
					"@executable_path/Frameworks",
				);
				PRODUCT_BUNDLE_IDENTIFIER = Codepath.Parstagram;
				PRODUCT_NAME = "$(TARGET_NAME)";
				SWIFT_VERSION = 5.0;
				TARGETED_DEVICE_FAMILY = "1,2";
			};
			name = Debug;
		};
		F21F359F26053C0A00199AF2 /* Release */ = {
			isa = XCBuildConfiguration;
			baseConfigurationReference = 272D67AD709068493DD85AD9 /* Pods-Parstagram.release.xcconfig */;
			buildSettings = {
				ASSETCATALOG_COMPILER_APPICON_NAME = AppIcon;
				ASSETCATALOG_COMPILER_GLOBAL_ACCENT_COLOR_NAME = AccentColor;
				CODE_SIGN_STYLE = Automatic;
				INFOPLIST_FILE = Parstagram/Info.plist;
				LD_RUNPATH_SEARCH_PATHS = (
					"$(inherited)",
					"@executable_path/Frameworks",
				);
				PRODUCT_BUNDLE_IDENTIFIER = Codepath.Parstagram;
				PRODUCT_NAME = "$(TARGET_NAME)";
				SWIFT_VERSION = 5.0;
				TARGETED_DEVICE_FAMILY = "1,2";
			};
			name = Release;
		};
		F21F35A126053C0A00199AF2 /* Debug */ = {
			isa = XCBuildConfiguration;
			baseConfigurationReference = B25DA9EA8540942572015F58 /* Pods-ParstagramTests.debug.xcconfig */;
			buildSettings = {
				ALWAYS_EMBED_SWIFT_STANDARD_LIBRARIES = YES;
				BUNDLE_LOADER = "$(TEST_HOST)";
				CODE_SIGN_STYLE = Automatic;
				INFOPLIST_FILE = ParstagramTests/Info.plist;
				IPHONEOS_DEPLOYMENT_TARGET = 14.4;
				LD_RUNPATH_SEARCH_PATHS = (
					"$(inherited)",
					"@executable_path/Frameworks",
					"@loader_path/Frameworks",
				);
				PRODUCT_BUNDLE_IDENTIFIER = Codepath.ParstagramTests;
				PRODUCT_NAME = "$(TARGET_NAME)";
				SWIFT_VERSION = 5.0;
				TARGETED_DEVICE_FAMILY = "1,2";
				TEST_HOST = "$(BUILT_PRODUCTS_DIR)/Parstagram.app/Parstagram";
			};
			name = Debug;
		};
		F21F35A226053C0A00199AF2 /* Release */ = {
			isa = XCBuildConfiguration;
			baseConfigurationReference = B8BDD4F8489D35130F1DA0C7 /* Pods-ParstagramTests.release.xcconfig */;
			buildSettings = {
				ALWAYS_EMBED_SWIFT_STANDARD_LIBRARIES = YES;
				BUNDLE_LOADER = "$(TEST_HOST)";
				CODE_SIGN_STYLE = Automatic;
				INFOPLIST_FILE = ParstagramTests/Info.plist;
				IPHONEOS_DEPLOYMENT_TARGET = 14.4;
				LD_RUNPATH_SEARCH_PATHS = (
					"$(inherited)",
					"@executable_path/Frameworks",
					"@loader_path/Frameworks",
				);
				PRODUCT_BUNDLE_IDENTIFIER = Codepath.ParstagramTests;
				PRODUCT_NAME = "$(TARGET_NAME)";
				SWIFT_VERSION = 5.0;
				TARGETED_DEVICE_FAMILY = "1,2";
				TEST_HOST = "$(BUILT_PRODUCTS_DIR)/Parstagram.app/Parstagram";
			};
			name = Release;
		};
		F21F35A426053C0A00199AF2 /* Debug */ = {
			isa = XCBuildConfiguration;
			baseConfigurationReference = C1640148255B8726923AC05F /* Pods-ParstagramUITests.debug.xcconfig */;
			buildSettings = {
				ALWAYS_EMBED_SWIFT_STANDARD_LIBRARIES = YES;
				CODE_SIGN_STYLE = Automatic;
				INFOPLIST_FILE = ParstagramUITests/Info.plist;
				LD_RUNPATH_SEARCH_PATHS = (
					"$(inherited)",
					"@executable_path/Frameworks",
					"@loader_path/Frameworks",
				);
				PRODUCT_BUNDLE_IDENTIFIER = Codepath.ParstagramUITests;
				PRODUCT_NAME = "$(TARGET_NAME)";
				SWIFT_VERSION = 5.0;
				TARGETED_DEVICE_FAMILY = "1,2";
				TEST_TARGET_NAME = Parstagram;
			};
			name = Debug;
		};
		F21F35A526053C0A00199AF2 /* Release */ = {
			isa = XCBuildConfiguration;
			baseConfigurationReference = BDF5727F7465C490DF124D1C /* Pods-ParstagramUITests.release.xcconfig */;
			buildSettings = {
				ALWAYS_EMBED_SWIFT_STANDARD_LIBRARIES = YES;
				CODE_SIGN_STYLE = Automatic;
				INFOPLIST_FILE = ParstagramUITests/Info.plist;
				LD_RUNPATH_SEARCH_PATHS = (
					"$(inherited)",
					"@executable_path/Frameworks",
					"@loader_path/Frameworks",
				);
				PRODUCT_BUNDLE_IDENTIFIER = Codepath.ParstagramUITests;
				PRODUCT_NAME = "$(TARGET_NAME)";
				SWIFT_VERSION = 5.0;
				TARGETED_DEVICE_FAMILY = "1,2";
				TEST_TARGET_NAME = Parstagram;
			};
			name = Release;
		};
/* End XCBuildConfiguration section */

/* Begin XCConfigurationList section */
		F21F356E26053BFA00199AF2 /* Build configuration list for PBXProject "Parstagram" */ = {
			isa = XCConfigurationList;
			buildConfigurations = (
				F21F359B26053C0A00199AF2 /* Debug */,
				F21F359C26053C0A00199AF2 /* Release */,
			);
			defaultConfigurationIsVisible = 0;
			defaultConfigurationName = Release;
		};
		F21F359D26053C0A00199AF2 /* Build configuration list for PBXNativeTarget "Parstagram" */ = {
			isa = XCConfigurationList;
			buildConfigurations = (
				F21F359E26053C0A00199AF2 /* Debug */,
				F21F359F26053C0A00199AF2 /* Release */,
			);
			defaultConfigurationIsVisible = 0;
			defaultConfigurationName = Release;
		};
		F21F35A026053C0A00199AF2 /* Build configuration list for PBXNativeTarget "ParstagramTests" */ = {
			isa = XCConfigurationList;
			buildConfigurations = (
				F21F35A126053C0A00199AF2 /* Debug */,
				F21F35A226053C0A00199AF2 /* Release */,
			);
			defaultConfigurationIsVisible = 0;
			defaultConfigurationName = Release;
		};
		F21F35A326053C0A00199AF2 /* Build configuration list for PBXNativeTarget "ParstagramUITests" */ = {
			isa = XCConfigurationList;
			buildConfigurations = (
				F21F35A426053C0A00199AF2 /* Debug */,
				F21F35A526053C0A00199AF2 /* Release */,
			);
			defaultConfigurationIsVisible = 0;
			defaultConfigurationName = Release;
		};
/* End XCConfigurationList section */
	};
	rootObject = F21F356B26053BFA00199AF2 /* Project object */;
}
